
Microsoft Visual Studio Solution File, Format Version 12.00
# Visual Studio Version 17
VisualStudioVersion = 17.14.36518.9
MinimumVisualStudioVersion = 10.0.40219.1
Project("{2150E333-8FDC-42A3-9474-1A3956D46DE8}") = "Task0", "Task0", "{02EA681E-C7D8-13C7-8484-4AC65E1B71E8}"
EndProject
Project("{FAE04EC0-301F-11D3-BF4B-00C04F79EFBC}") = "Tyuiu.MamatkulovFO.Sprint6.Task0.V21", "Tyuiu.MamatkulovFO.Sprint6.Task0.V21\Tyuiu.MamatkulovFO.Sprint6.Task0.V21.csproj", "{A3F5EDA6-2329-4ADD-8A54-ADD4440EC5DD}"
EndProject
Project("{FAE04EC0-301F-11D3-BF4B-00C04F79EFBC}") = "Tyuiu.MamatkulovFO.Sprint6.Task0.V21.Lib", "Tyuiu.MamatkulovFO.Sprint6.Task0.V21.Lib\Tyuiu.MamatkulovFO.Sprint6.Task0.V21.Lib.csproj", "{438255D6-0FCB-4057-B69B-FF82D830E395}"
EndProject
Project("{FAE04EC0-301F-11D3-BF4B-00C04F79EFBC}") = "Tyuiu.MamatkulovFO.Sprint6.Task0.V21.Test", "Tyuiu.MamatkulovFO.Sprint6.Task0.V21.Test\Tyuiu.MamatkulovFO.Sprint6.Task0.V21.Test.csproj", "{72A5F8B5-998A-490B-A69C-E1D9C050BD95}"
EndProject
Project("{2150E333-8FDC-42A3-9474-1A3956D46DE8}") = "NewFolder1", "NewFolder1", "{504D7891-B0E8-4EEA-92E1-61C615E49671}"
EndProject
Project("{2150E333-8FDC-42A3-9474-1A3956D46DE8}") = "Task1", "Task1", "{6973AA46-11AD-4847-97CC-04AB66164E1A}"
EndProject
Project("{FAE04EC0-301F-11D3-BF4B-00C04F79EFBC}") = "Tyuiu.MamatkulovFO.Sprint6.Task1.V7", "Tyuiu.MamatkulovFO.Sprint6.Task1.V7\Tyuiu.MamatkulovFO.Sprint6.Task1.V7.csproj", "{48612561-E773-4788-93E9-8606FC4BCAA1}"
EndProject
Project("{FAE04EC0-301F-11D3-BF4B-00C04F79EFBC}") = "Tyuiu.MamatkulovFO.Sprint6.Task1.V7.Lib", "Tyuiu.MamatkulovFO.Sprint6.Task1.V7.Lib\Tyuiu.MamatkulovFO.Sprint6.Task1.V7.Lib.csproj", "{AF970282-F84A-4D61-AED0-0BB13813B3DB}"
EndProject
Project("{FAE04EC0-301F-11D3-BF4B-00C04F79EFBC}") = "Tyuiu.MamatkulovFO.Sprint6.Task1.V7.Test", "Tyuiu.MamatkulovFO.Sprint6.Task1.V7.Test\Tyuiu.MamatkulovFO.Sprint6.Task1.V7.Test.csproj", "{33CB8845-FAFB-4EB7-B3E4-CBF483324F05}"
EndProject
Project("{2150E333-8FDC-42A3-9474-1A3956D46DE8}") = "Task2", "Task2", "{ECA297FB-85CD-46CD-A790-EADDE6618659}"
EndProject
Project("{FAE04EC0-301F-11D3-BF4B-00C04F79EFBC}") = "Tyuiu.MamatkulovFO.Sprint6.Task2.V23", "Tyuiu.MamatkulovFO.Sprint6.Task2.V23\Tyuiu.MamatkulovFO.Sprint6.Task2.V23.csproj", "{303A0517-8528-48E7-AFB3-330B9EF82636}"
EndProject
Project("{FAE04EC0-301F-11D3-BF4B-00C04F79EFBC}") = "Tyuiu.MamatkulovFO.Sprint6.Task2.V23.Lib", "Tyuiu.MamatkulovFO.Sprint6.Task2.V23.Lib\Tyuiu.MamatkulovFO.Sprint6.Task2.V23.Lib.csproj", "{451872C5-7E11-4114-AC9F-437DCA1D95FB}"
EndProject
Project("{FAE04EC0-301F-11D3-BF4B-00C04F79EFBC}") = "Tyuiu.MamatkulovFO.Sprint6.Task2.V23.Test", "Tyuiu.MamatkulovFO.Sprint6.Task2.V23.Test\Tyuiu.MamatkulovFO.Sprint6.Task2.V23.Test.csproj", "{32F342D5-F417-45D8-9BF4-A829E5238ED0}"
EndProject
Project("{2150E333-8FDC-42A3-9474-1A3956D46DE8}") = "Task3", "Task3", "{8268337A-2A7B-4FBB-9E5E-C76164936A83}"
EndProject
Project("{FAE04EC0-301F-11D3-BF4B-00C04F79EFBC}") = "Tyuiu.MamatkulovFO.Sprint6.Task3.V10", "Tyuiu.MamatkulovFO.Sprint6.Task3.V10\Tyuiu.MamatkulovFO.Sprint6.Task3.V10.csproj", "{AB2AB752-9C1C-44CC-8093-FBF0F522B293}"
EndProject
Project("{FAE04EC0-301F-11D3-BF4B-00C04F79EFBC}") = "Tyuiu.MamatkulovFO.Sprint6.Task3.V10.Lib", "Tyuiu.MamatkulovFO.Sprint6.Task3.V10.Lib\Tyuiu.MamatkulovFO.Sprint6.Task3.V10.Lib.csproj", "{FDC5C76E-4A06-4D77-BCEA-DC7842B664EE}"
EndProject
Project("{FAE04EC0-301F-11D3-BF4B-00C04F79EFBC}") = "Tyuiu.MamatkulovFO.Sprint6.Task3.V10.Test", "Tyuiu.MamatkulovFO.Sprint6.Task3.V10.Test\Tyuiu.MamatkulovFO.Sprint6.Task3.V10.Test.csproj", "{3DD2AAC1-0CF0-4EEA-B006-D3E73B7A54E7}"
EndProject
Project("{2150E333-8FDC-42A3-9474-1A3956D46DE8}") = "Task4", "Task4", "{DA4A01C2-6041-4E7C-8933-7B7AA132EC80}"
EndProject
Project("{FAE04EC0-301F-11D3-BF4B-00C04F79EFBC}") = "Tyuiu.MamatkulovFO.Sprint6.Task4.V10", "Tyuiu.MamatkulovFO.Sprint6.Task4.V10\Tyuiu.MamatkulovFO.Sprint6.Task4.V10.csproj", "{67D3F74F-5E7D-42BF-90E5-17B54A40986E}"
EndProject
Project("{FAE04EC0-301F-11D3-BF4B-00C04F79EFBC}") = "Tyuiu.MamatkulovFO.Sprint6.Task4.V10.Lib", "Tyuiu.MamatkulovFO.Sprint6.Task4.V10.Lib\Tyuiu.MamatkulovFO.Sprint6.Task4.V10.Lib.csproj", "{CD4AD7ED-9ED0-43CF-9F0E-FEA51B80313A}"
EndProject
Project("{FAE04EC0-301F-11D3-BF4B-00C04F79EFBC}") = "Tyuiu.MamatkulovFO.Sprint6.Task4.V10.Test", "Tyuiu.MamatkulovFO.Sprint6.Task4.V10.Test\Tyuiu.MamatkulovFO.Sprint6.Task4.V10.Test.csproj", "{F7935F75-BBA0-4AEB-B24B-16B4FA95D2C6}"
EndProject
Global
	GlobalSection(SolutionConfigurationPlatforms) = preSolution
		Debug|Any CPU = Debug|Any CPU
		Release|Any CPU = Release|Any CPU
	EndGlobalSection
	GlobalSection(ProjectConfigurationPlatforms) = postSolution
		{A3F5EDA6-2329-4ADD-8A54-ADD4440EC5DD}.Debug|Any CPU.ActiveCfg = Debug|Any CPU
		{A3F5EDA6-2329-4ADD-8A54-ADD4440EC5DD}.Debug|Any CPU.Build.0 = Debug|Any CPU
		{A3F5EDA6-2329-4ADD-8A54-ADD4440EC5DD}.Release|Any CPU.ActiveCfg = Release|Any CPU
		{A3F5EDA6-2329-4ADD-8A54-ADD4440EC5DD}.Release|Any CPU.Build.0 = Release|Any CPU
		{438255D6-0FCB-4057-B69B-FF82D830E395}.Debug|Any CPU.ActiveCfg = Debug|Any CPU
		{438255D6-0FCB-4057-B69B-FF82D830E395}.Debug|Any CPU.Build.0 = Debug|Any CPU
		{438255D6-0FCB-4057-B69B-FF82D830E395}.Release|Any CPU.ActiveCfg = Release|Any CPU
		{438255D6-0FCB-4057-B69B-FF82D830E395}.Release|Any CPU.Build.0 = Release|Any CPU
		{72A5F8B5-998A-490B-A69C-E1D9C050BD95}.Debug|Any CPU.ActiveCfg = Debug|Any CPU
		{72A5F8B5-998A-490B-A69C-E1D9C050BD95}.Debug|Any CPU.Build.0 = Debug|Any CPU
		{72A5F8B5-998A-490B-A69C-E1D9C050BD95}.Release|Any CPU.ActiveCfg = Release|Any CPU
		{72A5F8B5-998A-490B-A69C-E1D9C050BD95}.Release|Any CPU.Build.0 = Release|Any CPU
		{48612561-E773-4788-93E9-8606FC4BCAA1}.Debug|Any CPU.ActiveCfg = Debug|Any CPU
		{48612561-E773-4788-93E9-8606FC4BCAA1}.Debug|Any CPU.Build.0 = Debug|Any CPU
		{48612561-E773-4788-93E9-8606FC4BCAA1}.Release|Any CPU.ActiveCfg = Release|Any CPU
		{48612561-E773-4788-93E9-8606FC4BCAA1}.Release|Any CPU.Build.0 = Release|Any CPU
		{AF970282-F84A-4D61-AED0-0BB13813B3DB}.Debug|Any CPU.ActiveCfg = Debug|Any CPU
		{AF970282-F84A-4D61-AED0-0BB13813B3DB}.Debug|Any CPU.Build.0 = Debug|Any CPU
		{AF970282-F84A-4D61-AED0-0BB13813B3DB}.Release|Any CPU.ActiveCfg = Release|Any CPU
		{AF970282-F84A-4D61-AED0-0BB13813B3DB}.Release|Any CPU.Build.0 = Release|Any CPU
		{33CB8845-FAFB-4EB7-B3E4-CBF483324F05}.Debug|Any CPU.ActiveCfg = Debug|Any CPU
		{33CB8845-FAFB-4EB7-B3E4-CBF483324F05}.Debug|Any CPU.Build.0 = Debug|Any CPU
		{33CB8845-FAFB-4EB7-B3E4-CBF483324F05}.Release|Any CPU.ActiveCfg = Release|Any CPU
		{33CB8845-FAFB-4EB7-B3E4-CBF483324F05}.Release|Any CPU.Build.0 = Release|Any CPU
		{303A0517-8528-48E7-AFB3-330B9EF82636}.Debug|Any CPU.ActiveCfg = Debug|Any CPU
		{303A0517-8528-48E7-AFB3-330B9EF82636}.Debug|Any CPU.Build.0 = Debug|Any CPU
		{303A0517-8528-48E7-AFB3-330B9EF82636}.Release|Any CPU.ActiveCfg = Release|Any CPU
		{303A0517-8528-48E7-AFB3-330B9EF82636}.Release|Any CPU.Build.0 = Release|Any CPU
		{451872C5-7E11-4114-AC9F-437DCA1D95FB}.Debug|Any CPU.ActiveCfg = Debug|Any CPU
		{451872C5-7E11-4114-AC9F-437DCA1D95FB}.Debug|Any CPU.Build.0 = Debug|Any CPU
		{451872C5-7E11-4114-AC9F-437DCA1D95FB}.Release|Any CPU.ActiveCfg = Release|Any CPU
		{451872C5-7E11-4114-AC9F-437DCA1D95FB}.Release|Any CPU.Build.0 = Release|Any CPU
		{32F342D5-F417-45D8-9BF4-A829E5238ED0}.Debug|Any CPU.ActiveCfg = Debug|Any CPU
		{32F342D5-F417-45D8-9BF4-A829E5238ED0}.Debug|Any CPU.Build.0 = Debug|Any CPU
		{32F342D5-F417-45D8-9BF4-A829E5238ED0}.Release|Any CPU.ActiveCfg = Release|Any CPU
		{32F342D5-F417-45D8-9BF4-A829E5238ED0}.Release|Any CPU.Build.0 = Release|Any CPU
		{AB2AB752-9C1C-44CC-8093-FBF0F522B293}.Debug|Any CPU.ActiveCfg = Debug|Any CPU
		{AB2AB752-9C1C-44CC-8093-FBF0F522B293}.Debug|Any CPU.Build.0 = Debug|Any CPU
		{AB2AB752-9C1C-44CC-8093-FBF0F522B293}.Release|Any CPU.ActiveCfg = Release|Any CPU
		{AB2AB752-9C1C-44CC-8093-FBF0F522B293}.Release|Any CPU.Build.0 = Release|Any CPU
		{FDC5C76E-4A06-4D77-BCEA-DC7842B664EE}.Debug|Any CPU.ActiveCfg = Debug|Any CPU
		{FDC5C76E-4A06-4D77-BCEA-DC7842B664EE}.Debug|Any CPU.Build.0 = Debug|Any CPU
		{FDC5C76E-4A06-4D77-BCEA-DC7842B664EE}.Release|Any CPU.ActiveCfg = Release|Any CPU
		{FDC5C76E-4A06-4D77-BCEA-DC7842B664EE}.Release|Any CPU.Build.0 = Release|Any CPU
		{3DD2AAC1-0CF0-4EEA-B006-D3E73B7A54E7}.Debug|Any CPU.ActiveCfg = Debug|Any CPU
		{3DD2AAC1-0CF0-4EEA-B006-D3E73B7A54E7}.Debug|Any CPU.Build.0 = Debug|Any CPU
		{3DD2AAC1-0CF0-4EEA-B006-D3E73B7A54E7}.Release|Any CPU.ActiveCfg = Release|Any CPU
		{3DD2AAC1-0CF0-4EEA-B006-D3E73B7A54E7}.Release|Any CPU.Build.0 = Release|Any CPU
		{67D3F74F-5E7D-42BF-90E5-17B54A40986E}.Debug|Any CPU.ActiveCfg = Debug|Any CPU
		{67D3F74F-5E7D-42BF-90E5-17B54A40986E}.Debug|Any CPU.Build.0 = Debug|Any CPU
		{67D3F74F-5E7D-42BF-90E5-17B54A40986E}.Release|Any CPU.ActiveCfg = Release|Any CPU
		{67D3F74F-5E7D-42BF-90E5-17B54A40986E}.Release|Any CPU.Build.0 = Release|Any CPU
		{CD4AD7ED-9ED0-43CF-9F0E-FEA51B80313A}.Debug|Any CPU.ActiveCfg = Debug|Any CPU
		{CD4AD7ED-9ED0-43CF-9F0E-FEA51B80313A}.Debug|Any CPU.Build.0 = Debug|Any CPU
		{CD4AD7ED-9ED0-43CF-9F0E-FEA51B80313A}.Release|Any CPU.ActiveCfg = Release|Any CPU
		{CD4AD7ED-9ED0-43CF-9F0E-FEA51B80313A}.Release|Any CPU.Build.0 = Release|Any CPU
		{F7935F75-BBA0-4AEB-B24B-16B4FA95D2C6}.Debug|Any CPU.ActiveCfg = Debug|Any CPU
		{F7935F75-BBA0-4AEB-B24B-16B4FA95D2C6}.Debug|Any CPU.Build.0 = Debug|Any CPU
		{F7935F75-BBA0-4AEB-B24B-16B4FA95D2C6}.Release|Any CPU.ActiveCfg = Release|Any CPU
		{F7935F75-BBA0-4AEB-B24B-16B4FA95D2C6}.Release|Any CPU.Build.0 = Release|Any CPU
	EndGlobalSection
	GlobalSection(SolutionProperties) = preSolution
		HideSolutionNode = FALSE
	EndGlobalSection
	GlobalSection(NestedProjects) = preSolution
		{A3F5EDA6-2329-4ADD-8A54-ADD4440EC5DD} = {02EA681E-C7D8-13C7-8484-4AC65E1B71E8}
		{438255D6-0FCB-4057-B69B-FF82D830E395} = {02EA681E-C7D8-13C7-8484-4AC65E1B71E8}
		{72A5F8B5-998A-490B-A69C-E1D9C050BD95} = {02EA681E-C7D8-13C7-8484-4AC65E1B71E8}
		{504D7891-B0E8-4EEA-92E1-61C615E49671} = {02EA681E-C7D8-13C7-8484-4AC65E1B71E8}
		{48612561-E773-4788-93E9-8606FC4BCAA1} = {6973AA46-11AD-4847-97CC-04AB66164E1A}
		{AF970282-F84A-4D61-AED0-0BB13813B3DB} = {6973AA46-11AD-4847-97CC-04AB66164E1A}
		{33CB8845-FAFB-4EB7-B3E4-CBF483324F05} = {6973AA46-11AD-4847-97CC-04AB66164E1A}
		{303A0517-8528-48E7-AFB3-330B9EF82636} = {ECA297FB-85CD-46CD-A790-EADDE6618659}
		{451872C5-7E11-4114-AC9F-437DCA1D95FB} = {ECA297FB-85CD-46CD-A790-EADDE6618659}
		{32F342D5-F417-45D8-9BF4-A829E5238ED0} = {ECA297FB-85CD-46CD-A790-EADDE6618659}
		{AB2AB752-9C1C-44CC-8093-FBF0F522B293} = {8268337A-2A7B-4FBB-9E5E-C76164936A83}
		{FDC5C76E-4A06-4D77-BCEA-DC7842B664EE} = {8268337A-2A7B-4FBB-9E5E-C76164936A83}
		{3DD2AAC1-0CF0-4EEA-B006-D3E73B7A54E7} = {8268337A-2A7B-4FBB-9E5E-C76164936A83}
		{67D3F74F-5E7D-42BF-90E5-17B54A40986E} = {DA4A01C2-6041-4E7C-8933-7B7AA132EC80}
		{CD4AD7ED-9ED0-43CF-9F0E-FEA51B80313A} = {DA4A01C2-6041-4E7C-8933-7B7AA132EC80}
		{F7935F75-BBA0-4AEB-B24B-16B4FA95D2C6} = {DA4A01C2-6041-4E7C-8933-7B7AA132EC80}
	EndGlobalSection
	GlobalSection(ExtensibilityGlobals) = postSolution
		SolutionGuid = {B92F7647-297C-4997-9597-774FAABABDD4}
	EndGlobalSection
EndGlobal
